
Microsoft Visual Studio Solution File, Format Version 12.00
# Visual Studio 14
VisualStudioVersion = 14.0.25420.1
MinimumVisualStudioVersion = 10.0.40219.1
Project("{FAE04EC0-301F-11D3-BF4B-00C04F79EFBC}") = "1.Fishland", "1. Fishland\1.Fishland.csproj", "{D78086D9-32BE-4856-BB02-AA161DC88D8C}"
EndProject
Project("{FAE04EC0-301F-11D3-BF4B-00C04F79EFBC}") = "2.Pets", "2.Pets\2.Pets.csproj", "{6F7D27FA-BF1A-4B1B-83A3-1EA0A99D35F1}"
EndProject
Project("{FAE04EC0-301F-11D3-BF4B-00C04F79EFBC}") = "3.Vacation", "3.Vacation\3.Vacation.csproj", "{7C1EE423-4739-4CC0-92FB-064EE467C92B}"
EndProject
Project("{FAE04EC0-301F-11D3-BF4B-00C04F79EFBC}") = "4.SoftuniCamp", "4.SoftuniCamp\4.SoftuniCamp.csproj", "{1359119F-6168-430D-9501-CC5A8A2BF6A1}"
EndProject
Project("{FAE04EC0-301F-11D3-BF4B-00C04F79EFBC}") = "5.Fox", "5.Fox\5.Fox.csproj", "{E60878DF-60DE-4705-8753-DF4F3F8DDCAA}"
EndProject
Project("{FAE04EC0-301F-11D3-BF4B-00C04F79EFBC}") = "6.Battles", "6.Battles\6.Battles.csproj", "{761E7E22-B1E1-4DFA-96A1-70D3838BB6AF}"
EndProject
Project("{FAE04EC0-301F-11D3-BF4B-00C04F79EFBC}") = "4.BackToThePast", "4.BackToThePast\4.BackToThePast.csproj", "{1CC0953D-B563-4697-BC56-8243FACB515E}"
EndProject
Project("{FAE04EC0-301F-11D3-BF4B-00C04F79EFBC}") = "4.Hospital", "4.Hospital\4.Hospital.csproj", "{95B2163C-5216-4C7A-A0CB-BAEA338930D9}"
EndProject
Project("{FAE04EC0-301F-11D3-BF4B-00C04F79EFBC}") = "1.HousePrice", "1.HousePrice\1.HousePrice.csproj", "{F274E5E1-91E8-4049-A5CF-2B56E6F98B15}"
EndProject
Project("{FAE04EC0-301F-11D3-BF4B-00C04F79EFBC}") = "2.FlowerShop", "2.FlowerShop\2.FlowerShop.csproj", "{33BA2B76-9D52-463C-A40D-8FB7BA2946F4}"
EndProject
Project("{FAE04EC0-301F-11D3-BF4B-00C04F79EFBC}") = "1.Distance", "1.Distance\1.Distance.csproj", "{1045A8C6-4824-4484-AC51-EBC08968CFD8}"
EndProject
Project("{FAE04EC0-301F-11D3-BF4B-00C04F79EFBC}") = "3.BikeRace", "3.BikeRace\3.BikeRace.csproj", "{EBB19A16-1216-4DC0-8166-972CF7403D0A}"
EndProject
Project("{FAE04EC0-301F-11D3-BF4B-00C04F79EFBC}") = "4.Logistics", "4.Logistics\4.Logistics.csproj", "{914F8A27-0A46-4B5E-94A0-15314D9106C6}"
EndProject
Project("{FAE04EC0-301F-11D3-BF4B-00C04F79EFBC}") = "5.Diamond", "5.Diamond\5.Diamond.csproj", "{57E783F6-F4DE-4944-AD8F-4F442A076C44}"
EndProject
Project("{FAE04EC0-301F-11D3-BF4B-00C04F79EFBC}") = "2.TilesChange", "2.TilesChange\2.TilesChange.csproj", "{35FD48F8-7285-490D-9215-F5F60D22844B}"
EndProject
Project("{FAE04EC0-301F-11D3-BF4B-00C04F79EFBC}") = "1.DogHouse", "1.DogHouse\1.DogHouse.csproj", "{729C8367-5C97-43DC-8E28-8A9A2269D570}"
EndProject
Project("{FAE04EC0-301F-11D3-BF4B-00C04F79EFBC}") = "2.WorkHours", "2.WorkHours\2.WorkHours.csproj", "{36A2F066-7186-41C8-9FF1-8FDAF741D10E}"
EndProject
Project("{FAE04EC0-301F-11D3-BF4B-00C04F79EFBC}") = "1.GrapeAndRakia", "1.GrapeAndRakia\1.GrapeAndRakia.csproj", "{C3B43D5A-2508-4FCD-ADD3-2E9ED6223C91}"
EndProject
Project("{FAE04EC0-301F-11D3-BF4B-00C04F79EFBC}") = "1.HousePainting", "1.HousePainting\1.HousePainting.csproj", "{CAD8F807-19CB-4EDA-9D31-514F9FFB7516}"
EndProject
Project("{FAE04EC0-301F-11D3-BF4B-00C04F79EFBC}") = "5.SoftUniLogo", "5.SoftUniLogo\5.SoftUniLogo.csproj", "{96A8E162-924C-4A6A-92EA-BF77A946893B}"
EndProject
Project("{FAE04EC0-301F-11D3-BF4B-00C04F79EFBC}") = "2.Cups", "2.Cups\2.Cups.csproj", "{FAFF60F8-AEBC-4404-8FEE-F3061E954299}"
EndProject
Project("{FAE04EC0-301F-11D3-BF4B-00C04F79EFBC}") = "2.Styrofoam", "2.Styrofoam\2.Styrofoam.csproj", "{361A2144-CE34-4A01-965A-E69B44EE5E11}"
EndProject
Project("{FAE04EC0-301F-11D3-BF4B-00C04F79EFBC}") = "3.Flowers", "3.Flowers\3.Flowers.csproj", "{D0B6E73A-D2B2-4EFD-80C6-2A76A195FF30}"
EndProject
Project("{FAE04EC0-301F-11D3-BF4B-00C04F79EFBC}") = "3.CarToGo", "3.CarToGo\3.CarToGo.csproj", "{A5E3B60A-4D94-4E01-A58C-2CA4387B451C}"
EndProject
Project("{FAE04EC0-301F-11D3-BF4B-00C04F79EFBC}") = "3.ExoticVacation", "3.ExoticVacation\3.ExoticVacation.csproj", "{51B25F8A-4755-416A-B74B-A0CB7998976A}"
EndProject
Project("{FAE04EC0-301F-11D3-BF4B-00C04F79EFBC}") = "3.TruckDriver", "3.TruckDriver\3.TruckDriver.csproj", "{6CFD91E9-B94E-402E-BA32-58B8ECE9D4F0}"
EndProject
Project("{FAE04EC0-301F-11D3-BF4B-00C04F79EFBC}") = "4.Grades", "4.Grades\4.Grades.csproj", "{4FC8F07E-A447-42B0-974A-24CCCACDBD8B}"
EndProject
Project("{FAE04EC0-301F-11D3-BF4B-00C04F79EFBC}") = "4.Bills", "4.Bills\4.Bills.csproj", "{F53710E9-8C4C-4AD7-A496-6E92B327DE35}"
EndProject
Project("{FAE04EC0-301F-11D3-BF4B-00C04F79EFBC}") = "4.LectorSalaries", "4.LectorSalaries\4.LectorSalaries.csproj", "{B7EBF2D4-940F-4912-8C94-6FD77EA4EB29}"
EndProject
Project("{FAE04EC0-301F-11D3-BF4B-00C04F79EFBC}") = "4.GameOfIntervals", "4.GameOfIntervals\4.GameOfIntervals.csproj", "{05016D56-1D94-4BE0-8F85-956931064B71}"
EndProject
Project("{FAE04EC0-301F-11D3-BF4B-00C04F79EFBC}") = "5.Rocket", "5.Rocket\5.Rocket.csproj", "{40507475-CD0F-44AD-B726-21F89E8AA71A}"
EndProject
Project("{FAE04EC0-301F-11D3-BF4B-00C04F79EFBC}") = "5.Hourglass", "5.Hourglass\5.Hourglass.csproj", "{B98C22A2-67D5-46A9-9E65-36EBBB515482}"
EndProject
Project("{FAE04EC0-301F-11D3-BF4B-00C04F79EFBC}") = "5.ChristmasHat", "5.ChristmasHat\5.ChristmasHat.csproj", "{A4321CF5-6ABA-47D1-A21E-5B485EA334D8}"
EndProject
Project("{FAE04EC0-301F-11D3-BF4B-00C04F79EFBC}") = "5.Axe", "5.Axe\5.Axe.csproj", "{009307B6-AB11-48FF-A782-CD79264A1044}"
EndProject
Project("{FAE04EC0-301F-11D3-BF4B-00C04F79EFBC}") = "5.Parallelepiped", "5.Parallelepiped\5.Parallelepiped.csproj", "{5C74754E-7EA0-4E23-BDA1-E3B4E7CAD0D1}"
EndProject
Project("{FAE04EC0-301F-11D3-BF4B-00C04F79EFBC}") = "6.MaxCombination", "6.MaxCombination\6.MaxCombination.csproj", "{7B7C4ACA-6807-40CE-9162-3011AFF3A2AB}"
EndProject
Project("{FAE04EC0-301F-11D3-BF4B-00C04F79EFBC}") = "6.LettersCombination", "6.LettersCombination\6.LettersCombination.csproj", "{9934FE3B-1D73-49A1-8E5B-8BAFD0004663}"
EndProject
Project("{FAE04EC0-301F-11D3-BF4B-00C04F79EFBC}") = "6.StopNumber", "6.StopNumber\6.StopNumber.csproj", "{BAFBAEA0-3085-4A45-B854-9163E6BF4D5A}"
EndProject
Project("{FAE04EC0-301F-11D3-BF4B-00C04F79EFBC}") = "6.SumOfTwoNumbers", "6.SumOfTwoNumbers\6.SumOfTwoNumbers.csproj", "{1721B8CF-2300-4BD6-B454-6FB83B635F71}"
EndProject
Project("{FAE04EC0-301F-11D3-BF4B-00C04F79EFBC}") = "6.TwoNumbersSumReversed", "6.TwoNumbersSumReversed\6.TwoNumbersSumReversed.csproj", "{A6D9AAEF-4197-42E5-807B-A536966D4EDD}"
EndProject
Project("{FAE04EC0-301F-11D3-BF4B-00C04F79EFBC}") = "6.ControlNumber", "6.ControlNumber\6.ControlNumber.csproj", "{8585ECA4-B653-44E9-88FF-F362C4B12F1E}"
EndProject
Project("{FAE04EC0-301F-11D3-BF4B-00C04F79EFBC}") = "6.Digits", "6.Digits\6.Digits.csproj", "{0B3A9856-421F-4D2B-9167-8D0F0BBC47EA}"
EndProject
Global
	GlobalSection(SolutionConfigurationPlatforms) = preSolution
		Debug|Any CPU = Debug|Any CPU
		Release|Any CPU = Release|Any CPU
	EndGlobalSection
	GlobalSection(ProjectConfigurationPlatforms) = postSolution
		{D78086D9-32BE-4856-BB02-AA161DC88D8C}.Debug|Any CPU.ActiveCfg = Debug|Any CPU
		{D78086D9-32BE-4856-BB02-AA161DC88D8C}.Debug|Any CPU.Build.0 = Debug|Any CPU
		{D78086D9-32BE-4856-BB02-AA161DC88D8C}.Release|Any CPU.ActiveCfg = Release|Any CPU
		{D78086D9-32BE-4856-BB02-AA161DC88D8C}.Release|Any CPU.Build.0 = Release|Any CPU
		{6F7D27FA-BF1A-4B1B-83A3-1EA0A99D35F1}.Debug|Any CPU.ActiveCfg = Debug|Any CPU
		{6F7D27FA-BF1A-4B1B-83A3-1EA0A99D35F1}.Debug|Any CPU.Build.0 = Debug|Any CPU
		{6F7D27FA-BF1A-4B1B-83A3-1EA0A99D35F1}.Release|Any CPU.ActiveCfg = Release|Any CPU
		{6F7D27FA-BF1A-4B1B-83A3-1EA0A99D35F1}.Release|Any CPU.Build.0 = Release|Any CPU
		{7C1EE423-4739-4CC0-92FB-064EE467C92B}.Debug|Any CPU.ActiveCfg = Debug|Any CPU
		{7C1EE423-4739-4CC0-92FB-064EE467C92B}.Debug|Any CPU.Build.0 = Debug|Any CPU
		{7C1EE423-4739-4CC0-92FB-064EE467C92B}.Release|Any CPU.ActiveCfg = Release|Any CPU
		{7C1EE423-4739-4CC0-92FB-064EE467C92B}.Release|Any CPU.Build.0 = Release|Any CPU
		{1359119F-6168-430D-9501-CC5A8A2BF6A1}.Debug|Any CPU.ActiveCfg = Debug|Any CPU
		{1359119F-6168-430D-9501-CC5A8A2BF6A1}.Debug|Any CPU.Build.0 = Debug|Any CPU
		{1359119F-6168-430D-9501-CC5A8A2BF6A1}.Release|Any CPU.ActiveCfg = Release|Any CPU
		{1359119F-6168-430D-9501-CC5A8A2BF6A1}.Release|Any CPU.Build.0 = Release|Any CPU
		{E60878DF-60DE-4705-8753-DF4F3F8DDCAA}.Debug|Any CPU.ActiveCfg = Debug|Any CPU
		{E60878DF-60DE-4705-8753-DF4F3F8DDCAA}.Debug|Any CPU.Build.0 = Debug|Any CPU
		{E60878DF-60DE-4705-8753-DF4F3F8DDCAA}.Release|Any CPU.ActiveCfg = Release|Any CPU
		{E60878DF-60DE-4705-8753-DF4F3F8DDCAA}.Release|Any CPU.Build.0 = Release|Any CPU
		{761E7E22-B1E1-4DFA-96A1-70D3838BB6AF}.Debug|Any CPU.ActiveCfg = Debug|Any CPU
		{761E7E22-B1E1-4DFA-96A1-70D3838BB6AF}.Debug|Any CPU.Build.0 = Debug|Any CPU
		{761E7E22-B1E1-4DFA-96A1-70D3838BB6AF}.Release|Any CPU.ActiveCfg = Release|Any CPU
		{761E7E22-B1E1-4DFA-96A1-70D3838BB6AF}.Release|Any CPU.Build.0 = Release|Any CPU
		{1CC0953D-B563-4697-BC56-8243FACB515E}.Debug|Any CPU.ActiveCfg = Debug|Any CPU
		{1CC0953D-B563-4697-BC56-8243FACB515E}.Debug|Any CPU.Build.0 = Debug|Any CPU
		{1CC0953D-B563-4697-BC56-8243FACB515E}.Release|Any CPU.ActiveCfg = Release|Any CPU
		{1CC0953D-B563-4697-BC56-8243FACB515E}.Release|Any CPU.Build.0 = Release|Any CPU
		{95B2163C-5216-4C7A-A0CB-BAEA338930D9}.Debug|Any CPU.ActiveCfg = Debug|Any CPU
		{95B2163C-5216-4C7A-A0CB-BAEA338930D9}.Debug|Any CPU.Build.0 = Debug|Any CPU
		{95B2163C-5216-4C7A-A0CB-BAEA338930D9}.Release|Any CPU.ActiveCfg = Release|Any CPU
		{95B2163C-5216-4C7A-A0CB-BAEA338930D9}.Release|Any CPU.Build.0 = Release|Any CPU
		{F274E5E1-91E8-4049-A5CF-2B56E6F98B15}.Debug|Any CPU.ActiveCfg = Debug|Any CPU
		{F274E5E1-91E8-4049-A5CF-2B56E6F98B15}.Debug|Any CPU.Build.0 = Debug|Any CPU
		{F274E5E1-91E8-4049-A5CF-2B56E6F98B15}.Release|Any CPU.ActiveCfg = Release|Any CPU
		{F274E5E1-91E8-4049-A5CF-2B56E6F98B15}.Release|Any CPU.Build.0 = Release|Any CPU
		{33BA2B76-9D52-463C-A40D-8FB7BA2946F4}.Debug|Any CPU.ActiveCfg = Debug|Any CPU
		{33BA2B76-9D52-463C-A40D-8FB7BA2946F4}.Debug|Any CPU.Build.0 = Debug|Any CPU
		{33BA2B76-9D52-463C-A40D-8FB7BA2946F4}.Release|Any CPU.ActiveCfg = Release|Any CPU
		{33BA2B76-9D52-463C-A40D-8FB7BA2946F4}.Release|Any CPU.Build.0 = Release|Any CPU
		{1045A8C6-4824-4484-AC51-EBC08968CFD8}.Debug|Any CPU.ActiveCfg = Debug|Any CPU
		{1045A8C6-4824-4484-AC51-EBC08968CFD8}.Debug|Any CPU.Build.0 = Debug|Any CPU
		{1045A8C6-4824-4484-AC51-EBC08968CFD8}.Release|Any CPU.ActiveCfg = Release|Any CPU
		{1045A8C6-4824-4484-AC51-EBC08968CFD8}.Release|Any CPU.Build.0 = Release|Any CPU
		{EBB19A16-1216-4DC0-8166-972CF7403D0A}.Debug|Any CPU.ActiveCfg = Debug|Any CPU
		{EBB19A16-1216-4DC0-8166-972CF7403D0A}.Debug|Any CPU.Build.0 = Debug|Any CPU
		{EBB19A16-1216-4DC0-8166-972CF7403D0A}.Release|Any CPU.ActiveCfg = Release|Any CPU
		{EBB19A16-1216-4DC0-8166-972CF7403D0A}.Release|Any CPU.Build.0 = Release|Any CPU
		{914F8A27-0A46-4B5E-94A0-15314D9106C6}.Debug|Any CPU.ActiveCfg = Debug|Any CPU
		{914F8A27-0A46-4B5E-94A0-15314D9106C6}.Debug|Any CPU.Build.0 = Debug|Any CPU
		{914F8A27-0A46-4B5E-94A0-15314D9106C6}.Release|Any CPU.ActiveCfg = Release|Any CPU
		{914F8A27-0A46-4B5E-94A0-15314D9106C6}.Release|Any CPU.Build.0 = Release|Any CPU
		{57E783F6-F4DE-4944-AD8F-4F442A076C44}.Debug|Any CPU.ActiveCfg = Debug|Any CPU
		{57E783F6-F4DE-4944-AD8F-4F442A076C44}.Debug|Any CPU.Build.0 = Debug|Any CPU
		{57E783F6-F4DE-4944-AD8F-4F442A076C44}.Release|Any CPU.ActiveCfg = Release|Any CPU
		{57E783F6-F4DE-4944-AD8F-4F442A076C44}.Release|Any CPU.Build.0 = Release|Any CPU
		{35FD48F8-7285-490D-9215-F5F60D22844B}.Debug|Any CPU.ActiveCfg = Debug|Any CPU
		{35FD48F8-7285-490D-9215-F5F60D22844B}.Debug|Any CPU.Build.0 = Debug|Any CPU
		{35FD48F8-7285-490D-9215-F5F60D22844B}.Release|Any CPU.ActiveCfg = Release|Any CPU
		{35FD48F8-7285-490D-9215-F5F60D22844B}.Release|Any CPU.Build.0 = Release|Any CPU
		{729C8367-5C97-43DC-8E28-8A9A2269D570}.Debug|Any CPU.ActiveCfg = Debug|Any CPU
		{729C8367-5C97-43DC-8E28-8A9A2269D570}.Debug|Any CPU.Build.0 = Debug|Any CPU
		{729C8367-5C97-43DC-8E28-8A9A2269D570}.Release|Any CPU.ActiveCfg = Release|Any CPU
		{729C8367-5C97-43DC-8E28-8A9A2269D570}.Release|Any CPU.Build.0 = Release|Any CPU
		{36A2F066-7186-41C8-9FF1-8FDAF741D10E}.Debug|Any CPU.ActiveCfg = Debug|Any CPU
		{36A2F066-7186-41C8-9FF1-8FDAF741D10E}.Debug|Any CPU.Build.0 = Debug|Any CPU
		{36A2F066-7186-41C8-9FF1-8FDAF741D10E}.Release|Any CPU.ActiveCfg = Release|Any CPU
		{36A2F066-7186-41C8-9FF1-8FDAF741D10E}.Release|Any CPU.Build.0 = Release|Any CPU
		{C3B43D5A-2508-4FCD-ADD3-2E9ED6223C91}.Debug|Any CPU.ActiveCfg = Debug|Any CPU
		{C3B43D5A-2508-4FCD-ADD3-2E9ED6223C91}.Debug|Any CPU.Build.0 = Debug|Any CPU
		{C3B43D5A-2508-4FCD-ADD3-2E9ED6223C91}.Release|Any CPU.ActiveCfg = Release|Any CPU
		{C3B43D5A-2508-4FCD-ADD3-2E9ED6223C91}.Release|Any CPU.Build.0 = Release|Any CPU
		{CAD8F807-19CB-4EDA-9D31-514F9FFB7516}.Debug|Any CPU.ActiveCfg = Debug|Any CPU
		{CAD8F807-19CB-4EDA-9D31-514F9FFB7516}.Debug|Any CPU.Build.0 = Debug|Any CPU
		{CAD8F807-19CB-4EDA-9D31-514F9FFB7516}.Release|Any CPU.ActiveCfg = Release|Any CPU
		{CAD8F807-19CB-4EDA-9D31-514F9FFB7516}.Release|Any CPU.Build.0 = Release|Any CPU
		{96A8E162-924C-4A6A-92EA-BF77A946893B}.Debug|Any CPU.ActiveCfg = Debug|Any CPU
		{96A8E162-924C-4A6A-92EA-BF77A946893B}.Debug|Any CPU.Build.0 = Debug|Any CPU
		{96A8E162-924C-4A6A-92EA-BF77A946893B}.Release|Any CPU.ActiveCfg = Release|Any CPU
		{96A8E162-924C-4A6A-92EA-BF77A946893B}.Release|Any CPU.Build.0 = Release|Any CPU
		{FAFF60F8-AEBC-4404-8FEE-F3061E954299}.Debug|Any CPU.ActiveCfg = Debug|Any CPU
		{FAFF60F8-AEBC-4404-8FEE-F3061E954299}.Debug|Any CPU.Build.0 = Debug|Any CPU
		{FAFF60F8-AEBC-4404-8FEE-F3061E954299}.Release|Any CPU.ActiveCfg = Release|Any CPU
		{FAFF60F8-AEBC-4404-8FEE-F3061E954299}.Release|Any CPU.Build.0 = Release|Any CPU
		{361A2144-CE34-4A01-965A-E69B44EE5E11}.Debug|Any CPU.ActiveCfg = Debug|Any CPU
		{361A2144-CE34-4A01-965A-E69B44EE5E11}.Debug|Any CPU.Build.0 = Debug|Any CPU
		{361A2144-CE34-4A01-965A-E69B44EE5E11}.Release|Any CPU.ActiveCfg = Release|Any CPU
		{361A2144-CE34-4A01-965A-E69B44EE5E11}.Release|Any CPU.Build.0 = Release|Any CPU
		{D0B6E73A-D2B2-4EFD-80C6-2A76A195FF30}.Debug|Any CPU.ActiveCfg = Debug|Any CPU
		{D0B6E73A-D2B2-4EFD-80C6-2A76A195FF30}.Debug|Any CPU.Build.0 = Debug|Any CPU
		{D0B6E73A-D2B2-4EFD-80C6-2A76A195FF30}.Release|Any CPU.ActiveCfg = Release|Any CPU
		{D0B6E73A-D2B2-4EFD-80C6-2A76A195FF30}.Release|Any CPU.Build.0 = Release|Any CPU
		{A5E3B60A-4D94-4E01-A58C-2CA4387B451C}.Debug|Any CPU.ActiveCfg = Debug|Any CPU
		{A5E3B60A-4D94-4E01-A58C-2CA4387B451C}.Debug|Any CPU.Build.0 = Debug|Any CPU
		{A5E3B60A-4D94-4E01-A58C-2CA4387B451C}.Release|Any CPU.ActiveCfg = Release|Any CPU
		{A5E3B60A-4D94-4E01-A58C-2CA4387B451C}.Release|Any CPU.Build.0 = Release|Any CPU
		{51B25F8A-4755-416A-B74B-A0CB7998976A}.Debug|Any CPU.ActiveCfg = Debug|Any CPU
		{51B25F8A-4755-416A-B74B-A0CB7998976A}.Debug|Any CPU.Build.0 = Debug|Any CPU
		{51B25F8A-4755-416A-B74B-A0CB7998976A}.Release|Any CPU.ActiveCfg = Release|Any CPU
		{51B25F8A-4755-416A-B74B-A0CB7998976A}.Release|Any CPU.Build.0 = Release|Any CPU
		{6CFD91E9-B94E-402E-BA32-58B8ECE9D4F0}.Debug|Any CPU.ActiveCfg = Debug|Any CPU
		{6CFD91E9-B94E-402E-BA32-58B8ECE9D4F0}.Debug|Any CPU.Build.0 = Debug|Any CPU
		{6CFD91E9-B94E-402E-BA32-58B8ECE9D4F0}.Release|Any CPU.ActiveCfg = Release|Any CPU
		{6CFD91E9-B94E-402E-BA32-58B8ECE9D4F0}.Release|Any CPU.Build.0 = Release|Any CPU
		{4FC8F07E-A447-42B0-974A-24CCCACDBD8B}.Debug|Any CPU.ActiveCfg = Debug|Any CPU
		{4FC8F07E-A447-42B0-974A-24CCCACDBD8B}.Debug|Any CPU.Build.0 = Debug|Any CPU
		{4FC8F07E-A447-42B0-974A-24CCCACDBD8B}.Release|Any CPU.ActiveCfg = Release|Any CPU
		{4FC8F07E-A447-42B0-974A-24CCCACDBD8B}.Release|Any CPU.Build.0 = Release|Any CPU
		{F53710E9-8C4C-4AD7-A496-6E92B327DE35}.Debug|Any CPU.ActiveCfg = Debug|Any CPU
		{F53710E9-8C4C-4AD7-A496-6E92B327DE35}.Debug|Any CPU.Build.0 = Debug|Any CPU
		{F53710E9-8C4C-4AD7-A496-6E92B327DE35}.Release|Any CPU.ActiveCfg = Release|Any CPU
		{F53710E9-8C4C-4AD7-A496-6E92B327DE35}.Release|Any CPU.Build.0 = Release|Any CPU
		{B7EBF2D4-940F-4912-8C94-6FD77EA4EB29}.Debug|Any CPU.ActiveCfg = Debug|Any CPU
		{B7EBF2D4-940F-4912-8C94-6FD77EA4EB29}.Debug|Any CPU.Build.0 = Debug|Any CPU
		{B7EBF2D4-940F-4912-8C94-6FD77EA4EB29}.Release|Any CPU.ActiveCfg = Release|Any CPU
		{B7EBF2D4-940F-4912-8C94-6FD77EA4EB29}.Release|Any CPU.Build.0 = Release|Any CPU
		{05016D56-1D94-4BE0-8F85-956931064B71}.Debug|Any CPU.ActiveCfg = Debug|Any CPU
		{05016D56-1D94-4BE0-8F85-956931064B71}.Debug|Any CPU.Build.0 = Debug|Any CPU
		{05016D56-1D94-4BE0-8F85-956931064B71}.Release|Any CPU.ActiveCfg = Release|Any CPU
		{05016D56-1D94-4BE0-8F85-956931064B71}.Release|Any CPU.Build.0 = Release|Any CPU
		{40507475-CD0F-44AD-B726-21F89E8AA71A}.Debug|Any CPU.ActiveCfg = Debug|Any CPU
		{40507475-CD0F-44AD-B726-21F89E8AA71A}.Debug|Any CPU.Build.0 = Debug|Any CPU
		{40507475-CD0F-44AD-B726-21F89E8AA71A}.Release|Any CPU.ActiveCfg = Release|Any CPU
		{40507475-CD0F-44AD-B726-21F89E8AA71A}.Release|Any CPU.Build.0 = Release|Any CPU
		{B98C22A2-67D5-46A9-9E65-36EBBB515482}.Debug|Any CPU.ActiveCfg = Debug|Any CPU
		{B98C22A2-67D5-46A9-9E65-36EBBB515482}.Debug|Any CPU.Build.0 = Debug|Any CPU
		{B98C22A2-67D5-46A9-9E65-36EBBB515482}.Release|Any CPU.ActiveCfg = Release|Any CPU
		{B98C22A2-67D5-46A9-9E65-36EBBB515482}.Release|Any CPU.Build.0 = Release|Any CPU
		{A4321CF5-6ABA-47D1-A21E-5B485EA334D8}.Debug|Any CPU.ActiveCfg = Debug|Any CPU
		{A4321CF5-6ABA-47D1-A21E-5B485EA334D8}.Debug|Any CPU.Build.0 = Debug|Any CPU
		{A4321CF5-6ABA-47D1-A21E-5B485EA334D8}.Release|Any CPU.ActiveCfg = Release|Any CPU
		{A4321CF5-6ABA-47D1-A21E-5B485EA334D8}.Release|Any CPU.Build.0 = Release|Any CPU
		{009307B6-AB11-48FF-A782-CD79264A1044}.Debug|Any CPU.ActiveCfg = Debug|Any CPU
		{009307B6-AB11-48FF-A782-CD79264A1044}.Debug|Any CPU.Build.0 = Debug|Any CPU
		{009307B6-AB11-48FF-A782-CD79264A1044}.Release|Any CPU.ActiveCfg = Release|Any CPU
		{009307B6-AB11-48FF-A782-CD79264A1044}.Release|Any CPU.Build.0 = Release|Any CPU
		{5C74754E-7EA0-4E23-BDA1-E3B4E7CAD0D1}.Debug|Any CPU.ActiveCfg = Debug|Any CPU
		{5C74754E-7EA0-4E23-BDA1-E3B4E7CAD0D1}.Debug|Any CPU.Build.0 = Debug|Any CPU
		{5C74754E-7EA0-4E23-BDA1-E3B4E7CAD0D1}.Release|Any CPU.ActiveCfg = Release|Any CPU
		{5C74754E-7EA0-4E23-BDA1-E3B4E7CAD0D1}.Release|Any CPU.Build.0 = Release|Any CPU
		{7B7C4ACA-6807-40CE-9162-3011AFF3A2AB}.Debug|Any CPU.ActiveCfg = Debug|Any CPU
		{7B7C4ACA-6807-40CE-9162-3011AFF3A2AB}.Debug|Any CPU.Build.0 = Debug|Any CPU
		{7B7C4ACA-6807-40CE-9162-3011AFF3A2AB}.Release|Any CPU.ActiveCfg = Release|Any CPU
		{7B7C4ACA-6807-40CE-9162-3011AFF3A2AB}.Release|Any CPU.Build.0 = Release|Any CPU
		{9934FE3B-1D73-49A1-8E5B-8BAFD0004663}.Debug|Any CPU.ActiveCfg = Debug|Any CPU
		{9934FE3B-1D73-49A1-8E5B-8BAFD0004663}.Debug|Any CPU.Build.0 = Debug|Any CPU
		{9934FE3B-1D73-49A1-8E5B-8BAFD0004663}.Release|Any CPU.ActiveCfg = Release|Any CPU
		{9934FE3B-1D73-49A1-8E5B-8BAFD0004663}.Release|Any CPU.Build.0 = Release|Any CPU
		{BAFBAEA0-3085-4A45-B854-9163E6BF4D5A}.Debug|Any CPU.ActiveCfg = Debug|Any CPU
		{BAFBAEA0-3085-4A45-B854-9163E6BF4D5A}.Debug|Any CPU.Build.0 = Debug|Any CPU
		{BAFBAEA0-3085-4A45-B854-9163E6BF4D5A}.Release|Any CPU.ActiveCfg = Release|Any CPU
		{BAFBAEA0-3085-4A45-B854-9163E6BF4D5A}.Release|Any CPU.Build.0 = Release|Any CPU
		{1721B8CF-2300-4BD6-B454-6FB83B635F71}.Debug|Any CPU.ActiveCfg = Debug|Any CPU
		{1721B8CF-2300-4BD6-B454-6FB83B635F71}.Debug|Any CPU.Build.0 = Debug|Any CPU
		{1721B8CF-2300-4BD6-B454-6FB83B635F71}.Release|Any CPU.ActiveCfg = Release|Any CPU
		{1721B8CF-2300-4BD6-B454-6FB83B635F71}.Release|Any CPU.Build.0 = Release|Any CPU
		{A6D9AAEF-4197-42E5-807B-A536966D4EDD}.Debug|Any CPU.ActiveCfg = Debug|Any CPU
		{A6D9AAEF-4197-42E5-807B-A536966D4EDD}.Debug|Any CPU.Build.0 = Debug|Any CPU
		{A6D9AAEF-4197-42E5-807B-A536966D4EDD}.Release|Any CPU.ActiveCfg = Release|Any CPU
		{A6D9AAEF-4197-42E5-807B-A536966D4EDD}.Release|Any CPU.Build.0 = Release|Any CPU
		{8585ECA4-B653-44E9-88FF-F362C4B12F1E}.Debug|Any CPU.ActiveCfg = Debug|Any CPU
		{8585ECA4-B653-44E9-88FF-F362C4B12F1E}.Debug|Any CPU.Build.0 = Debug|Any CPU
		{8585ECA4-B653-44E9-88FF-F362C4B12F1E}.Release|Any CPU.ActiveCfg = Release|Any CPU
		{8585ECA4-B653-44E9-88FF-F362C4B12F1E}.Release|Any CPU.Build.0 = Release|Any CPU
		{0B3A9856-421F-4D2B-9167-8D0F0BBC47EA}.Debug|Any CPU.ActiveCfg = Debug|Any CPU
		{0B3A9856-421F-4D2B-9167-8D0F0BBC47EA}.Debug|Any CPU.Build.0 = Debug|Any CPU
		{0B3A9856-421F-4D2B-9167-8D0F0BBC47EA}.Release|Any CPU.ActiveCfg = Release|Any CPU
		{0B3A9856-421F-4D2B-9167-8D0F0BBC47EA}.Release|Any CPU.Build.0 = Release|Any CPU
	EndGlobalSection
	GlobalSection(SolutionProperties) = preSolution
		HideSolutionNode = FALSE
	EndGlobalSection
EndGlobal
