
Microsoft Visual Studio Solution File, Format Version 12.00
# Visual Studio 15
VisualStudioVersion = 15.0.26730.16
MinimumVisualStudioVersion = 10.0.40219.1
Project("{FAE04EC0-301F-11D3-BF4B-00C04F79EFBC}") = "01.ExcellentGrade", "01.ExcellentGrade\01.ExcellentGrade.csproj", "{37BC5D1C-D925-4073-82C9-D9DAA8FAD193}"
EndProject
Project("{FAE04EC0-301F-11D3-BF4B-00C04F79EFBC}") = "02.ExcellentOrNot", "02.ExcellentOrNot\02.ExcellentOrNot.csproj", "{AD4B0600-1FF4-4977-AFDF-CF2E9B946019}"
EndProject
Project("{FAE04EC0-301F-11D3-BF4B-00C04F79EFBC}") = "03.EvenOrOdd", "03.EvenOrOdd\03.EvenOrOdd.csproj", "{00831C4E-33DD-4311-9DD2-56C57786BBCC}"
EndProject
Project("{FAE04EC0-301F-11D3-BF4B-00C04F79EFBC}") = "04.GreaterNumber", "04.GreaterNumber\04.GreaterNumber.csproj", "{CCCA635C-EE97-401F-8CE6-FE2EFF148070}"
EndProject
Project("{FAE04EC0-301F-11D3-BF4B-00C04F79EFBC}") = "05.OneToNineInText", "05.OneToNineInText\05.OneToNineInText.csproj", "{4118D8B5-5D80-421C-861E-B42763CA7E81}"
EndProject
Project("{FAE04EC0-301F-11D3-BF4B-00C04F79EFBC}") = "06.BonusPoints", "06.BonusPoints\06.BonusPoints.csproj", "{E36E2AD3-B0C2-4C23-A0BC-3E191F1FCA22}"
EndProject
Project("{FAE04EC0-301F-11D3-BF4B-00C04F79EFBC}") = "07.SumOfSeconds", "07.SumOfSeconds\07.SumOfSeconds.csproj", "{B2530526-EEC5-41EF-9AA1-AAF89D60009E}"
EndProject
Project("{FAE04EC0-301F-11D3-BF4B-00C04F79EFBC}") = "08.MetricConverter", "08.MetricConverter\08.MetricConverter.csproj", "{44D62DED-5158-454F-805D-71CED2DED245}"
EndProject
Project("{FAE04EC0-301F-11D3-BF4B-00C04F79EFBC}") = "09.PasswordGuessing", "09.PasswordGuessing\09.PasswordGuessing.csproj", "{6F8AFB06-CC18-472B-8EFF-13EE7287AAA1}"
EndProject
Project("{FAE04EC0-301F-11D3-BF4B-00C04F79EFBC}") = "10.NumberFrom100To200", "10.NumberFrom100To200\10.NumberFrom100To200.csproj", "{DA295FBD-39B3-40A8-8C44-096A5EAE0F45}"
EndProject
Project("{FAE04EC0-301F-11D3-BF4B-00C04F79EFBC}") = "11.EqualWords", "11.EqualWords\11.EqualWords.csproj", "{DEB44BF0-62A8-48DB-A402-5551BD585A19}"
EndProject
Project("{FAE04EC0-301F-11D3-BF4B-00C04F79EFBC}") = "12.SpeedInfo", "12.SpeedInfo\12.SpeedInfo.csproj", "{D9891142-C1EF-4966-9897-BEB119C731F9}"
EndProject
Project("{FAE04EC0-301F-11D3-BF4B-00C04F79EFBC}") = "13.AreaOfFigures", "13.AreaOfFigures\13.AreaOfFigures.csproj", "{75A8163A-0C3D-4397-A353-4D1CA83EFEA8}"
EndProject
Project("{FAE04EC0-301F-11D3-BF4B-00C04F79EFBC}") = "14.TimePlus15Minutes", "14.TimePlus15Minutes\14.TimePlus15Minutes.csproj", "{AFFF75D9-4B59-4544-BDF3-6B81FCB8CDA0}"
EndProject
Project("{FAE04EC0-301F-11D3-BF4B-00C04F79EFBC}") = "15.ThreeEqualNumbers", "15.ThreeEqualNumbers\15.ThreeEqualNumbers.csproj", "{76547B3F-422C-4162-83FB-6965DEEC38BA}"
EndProject
Project("{FAE04EC0-301F-11D3-BF4B-00C04F79EFBC}") = "16.Numbers1To100ToText", "16.Numbers1To100ToText\16.Numbers1To100ToText.csproj", "{753FF022-716A-4AC6-A7D4-47198AF40F26}"
EndProject
Project("{FAE04EC0-301F-11D3-BF4B-00C04F79EFBC}") = "17.TransportPriceEXAM", "17.TransportPriceEXAM\17.TransportPriceEXAM.csproj", "{603F5DC4-2B5F-46DA-8D4F-E189B7F74387}"
EndProject
Project("{FAE04EC0-301F-11D3-BF4B-00C04F79EFBC}") = "18.PoolPipesEXAM", "18.PoolPipesEXAM\18.PoolPipesEXAM.csproj", "{C1379C0A-08F8-4FAF-B79D-0299BAFE7EE2}"
EndProject
Project("{FAE04EC0-301F-11D3-BF4B-00C04F79EFBC}") = "19.SleepyCatTomEXAM", "19.SleepyCatTomEXAM\19.SleepyCatTomEXAM.csproj", "{00E010F3-85A4-43BC-AD4E-BE77D8AF30D0}"
EndProject
Project("{FAE04EC0-301F-11D3-BF4B-00C04F79EFBC}") = "20.HarvestEXAM", "20.HarvestEXAM\20.HarvestEXAM.csproj", "{F60A3352-8C3C-4D08-A12E-385E1361A8C5}"
EndProject
Project("{FAE04EC0-301F-11D3-BF4B-00C04F79EFBC}") = "21.CompanyEXAM", "21.CompanyEXAM\21.CompanyEXAM.csproj", "{00DF9755-55E9-4446-9F0D-C5B245FA56A9}"
EndProject
Global
	GlobalSection(SolutionConfigurationPlatforms) = preSolution
		Debug|Any CPU = Debug|Any CPU
		Release|Any CPU = Release|Any CPU
	EndGlobalSection
	GlobalSection(ProjectConfigurationPlatforms) = postSolution
		{37BC5D1C-D925-4073-82C9-D9DAA8FAD193}.Debug|Any CPU.ActiveCfg = Debug|Any CPU
		{37BC5D1C-D925-4073-82C9-D9DAA8FAD193}.Debug|Any CPU.Build.0 = Debug|Any CPU
		{37BC5D1C-D925-4073-82C9-D9DAA8FAD193}.Release|Any CPU.ActiveCfg = Release|Any CPU
		{37BC5D1C-D925-4073-82C9-D9DAA8FAD193}.Release|Any CPU.Build.0 = Release|Any CPU
		{AD4B0600-1FF4-4977-AFDF-CF2E9B946019}.Debug|Any CPU.ActiveCfg = Debug|Any CPU
		{AD4B0600-1FF4-4977-AFDF-CF2E9B946019}.Debug|Any CPU.Build.0 = Debug|Any CPU
		{AD4B0600-1FF4-4977-AFDF-CF2E9B946019}.Release|Any CPU.ActiveCfg = Release|Any CPU
		{AD4B0600-1FF4-4977-AFDF-CF2E9B946019}.Release|Any CPU.Build.0 = Release|Any CPU
		{00831C4E-33DD-4311-9DD2-56C57786BBCC}.Debug|Any CPU.ActiveCfg = Debug|Any CPU
		{00831C4E-33DD-4311-9DD2-56C57786BBCC}.Debug|Any CPU.Build.0 = Debug|Any CPU
		{00831C4E-33DD-4311-9DD2-56C57786BBCC}.Release|Any CPU.ActiveCfg = Release|Any CPU
		{00831C4E-33DD-4311-9DD2-56C57786BBCC}.Release|Any CPU.Build.0 = Release|Any CPU
		{CCCA635C-EE97-401F-8CE6-FE2EFF148070}.Debug|Any CPU.ActiveCfg = Debug|Any CPU
		{CCCA635C-EE97-401F-8CE6-FE2EFF148070}.Debug|Any CPU.Build.0 = Debug|Any CPU
		{CCCA635C-EE97-401F-8CE6-FE2EFF148070}.Release|Any CPU.ActiveCfg = Release|Any CPU
		{CCCA635C-EE97-401F-8CE6-FE2EFF148070}.Release|Any CPU.Build.0 = Release|Any CPU
		{4118D8B5-5D80-421C-861E-B42763CA7E81}.Debug|Any CPU.ActiveCfg = Debug|Any CPU
		{4118D8B5-5D80-421C-861E-B42763CA7E81}.Debug|Any CPU.Build.0 = Debug|Any CPU
		{4118D8B5-5D80-421C-861E-B42763CA7E81}.Release|Any CPU.ActiveCfg = Release|Any CPU
		{4118D8B5-5D80-421C-861E-B42763CA7E81}.Release|Any CPU.Build.0 = Release|Any CPU
		{E36E2AD3-B0C2-4C23-A0BC-3E191F1FCA22}.Debug|Any CPU.ActiveCfg = Debug|Any CPU
		{E36E2AD3-B0C2-4C23-A0BC-3E191F1FCA22}.Debug|Any CPU.Build.0 = Debug|Any CPU
		{E36E2AD3-B0C2-4C23-A0BC-3E191F1FCA22}.Release|Any CPU.ActiveCfg = Release|Any CPU
		{E36E2AD3-B0C2-4C23-A0BC-3E191F1FCA22}.Release|Any CPU.Build.0 = Release|Any CPU
		{B2530526-EEC5-41EF-9AA1-AAF89D60009E}.Debug|Any CPU.ActiveCfg = Debug|Any CPU
		{B2530526-EEC5-41EF-9AA1-AAF89D60009E}.Debug|Any CPU.Build.0 = Debug|Any CPU
		{B2530526-EEC5-41EF-9AA1-AAF89D60009E}.Release|Any CPU.ActiveCfg = Release|Any CPU
		{B2530526-EEC5-41EF-9AA1-AAF89D60009E}.Release|Any CPU.Build.0 = Release|Any CPU
		{44D62DED-5158-454F-805D-71CED2DED245}.Debug|Any CPU.ActiveCfg = Debug|Any CPU
		{44D62DED-5158-454F-805D-71CED2DED245}.Debug|Any CPU.Build.0 = Debug|Any CPU
		{44D62DED-5158-454F-805D-71CED2DED245}.Release|Any CPU.ActiveCfg = Release|Any CPU
		{44D62DED-5158-454F-805D-71CED2DED245}.Release|Any CPU.Build.0 = Release|Any CPU
		{6F8AFB06-CC18-472B-8EFF-13EE7287AAA1}.Debug|Any CPU.ActiveCfg = Debug|Any CPU
		{6F8AFB06-CC18-472B-8EFF-13EE7287AAA1}.Debug|Any CPU.Build.0 = Debug|Any CPU
		{6F8AFB06-CC18-472B-8EFF-13EE7287AAA1}.Release|Any CPU.ActiveCfg = Release|Any CPU
		{6F8AFB06-CC18-472B-8EFF-13EE7287AAA1}.Release|Any CPU.Build.0 = Release|Any CPU
		{DA295FBD-39B3-40A8-8C44-096A5EAE0F45}.Debug|Any CPU.ActiveCfg = Debug|Any CPU
		{DA295FBD-39B3-40A8-8C44-096A5EAE0F45}.Debug|Any CPU.Build.0 = Debug|Any CPU
		{DA295FBD-39B3-40A8-8C44-096A5EAE0F45}.Release|Any CPU.ActiveCfg = Release|Any CPU
		{DA295FBD-39B3-40A8-8C44-096A5EAE0F45}.Release|Any CPU.Build.0 = Release|Any CPU
		{DEB44BF0-62A8-48DB-A402-5551BD585A19}.Debug|Any CPU.ActiveCfg = Debug|Any CPU
		{DEB44BF0-62A8-48DB-A402-5551BD585A19}.Debug|Any CPU.Build.0 = Debug|Any CPU
		{DEB44BF0-62A8-48DB-A402-5551BD585A19}.Release|Any CPU.ActiveCfg = Release|Any CPU
		{DEB44BF0-62A8-48DB-A402-5551BD585A19}.Release|Any CPU.Build.0 = Release|Any CPU
		{D9891142-C1EF-4966-9897-BEB119C731F9}.Debug|Any CPU.ActiveCfg = Debug|Any CPU
		{D9891142-C1EF-4966-9897-BEB119C731F9}.Debug|Any CPU.Build.0 = Debug|Any CPU
		{D9891142-C1EF-4966-9897-BEB119C731F9}.Release|Any CPU.ActiveCfg = Release|Any CPU
		{D9891142-C1EF-4966-9897-BEB119C731F9}.Release|Any CPU.Build.0 = Release|Any CPU
		{75A8163A-0C3D-4397-A353-4D1CA83EFEA8}.Debug|Any CPU.ActiveCfg = Debug|Any CPU
		{75A8163A-0C3D-4397-A353-4D1CA83EFEA8}.Debug|Any CPU.Build.0 = Debug|Any CPU
		{75A8163A-0C3D-4397-A353-4D1CA83EFEA8}.Release|Any CPU.ActiveCfg = Release|Any CPU
		{75A8163A-0C3D-4397-A353-4D1CA83EFEA8}.Release|Any CPU.Build.0 = Release|Any CPU
		{AFFF75D9-4B59-4544-BDF3-6B81FCB8CDA0}.Debug|Any CPU.ActiveCfg = Debug|Any CPU
		{AFFF75D9-4B59-4544-BDF3-6B81FCB8CDA0}.Debug|Any CPU.Build.0 = Debug|Any CPU
		{AFFF75D9-4B59-4544-BDF3-6B81FCB8CDA0}.Release|Any CPU.ActiveCfg = Release|Any CPU
		{AFFF75D9-4B59-4544-BDF3-6B81FCB8CDA0}.Release|Any CPU.Build.0 = Release|Any CPU
		{76547B3F-422C-4162-83FB-6965DEEC38BA}.Debug|Any CPU.ActiveCfg = Debug|Any CPU
		{76547B3F-422C-4162-83FB-6965DEEC38BA}.Debug|Any CPU.Build.0 = Debug|Any CPU
		{76547B3F-422C-4162-83FB-6965DEEC38BA}.Release|Any CPU.ActiveCfg = Release|Any CPU
		{76547B3F-422C-4162-83FB-6965DEEC38BA}.Release|Any CPU.Build.0 = Release|Any CPU
		{753FF022-716A-4AC6-A7D4-47198AF40F26}.Debug|Any CPU.ActiveCfg = Debug|Any CPU
		{753FF022-716A-4AC6-A7D4-47198AF40F26}.Debug|Any CPU.Build.0 = Debug|Any CPU
		{753FF022-716A-4AC6-A7D4-47198AF40F26}.Release|Any CPU.ActiveCfg = Release|Any CPU
		{753FF022-716A-4AC6-A7D4-47198AF40F26}.Release|Any CPU.Build.0 = Release|Any CPU
		{603F5DC4-2B5F-46DA-8D4F-E189B7F74387}.Debug|Any CPU.ActiveCfg = Debug|Any CPU
		{603F5DC4-2B5F-46DA-8D4F-E189B7F74387}.Debug|Any CPU.Build.0 = Debug|Any CPU
		{603F5DC4-2B5F-46DA-8D4F-E189B7F74387}.Release|Any CPU.ActiveCfg = Release|Any CPU
		{603F5DC4-2B5F-46DA-8D4F-E189B7F74387}.Release|Any CPU.Build.0 = Release|Any CPU
		{C1379C0A-08F8-4FAF-B79D-0299BAFE7EE2}.Debug|Any CPU.ActiveCfg = Debug|Any CPU
		{C1379C0A-08F8-4FAF-B79D-0299BAFE7EE2}.Debug|Any CPU.Build.0 = Debug|Any CPU
		{C1379C0A-08F8-4FAF-B79D-0299BAFE7EE2}.Release|Any CPU.ActiveCfg = Release|Any CPU
		{C1379C0A-08F8-4FAF-B79D-0299BAFE7EE2}.Release|Any CPU.Build.0 = Release|Any CPU
		{00E010F3-85A4-43BC-AD4E-BE77D8AF30D0}.Debug|Any CPU.ActiveCfg = Debug|Any CPU
		{00E010F3-85A4-43BC-AD4E-BE77D8AF30D0}.Debug|Any CPU.Build.0 = Debug|Any CPU
		{00E010F3-85A4-43BC-AD4E-BE77D8AF30D0}.Release|Any CPU.ActiveCfg = Release|Any CPU
		{00E010F3-85A4-43BC-AD4E-BE77D8AF30D0}.Release|Any CPU.Build.0 = Release|Any CPU
		{F60A3352-8C3C-4D08-A12E-385E1361A8C5}.Debug|Any CPU.ActiveCfg = Debug|Any CPU
		{F60A3352-8C3C-4D08-A12E-385E1361A8C5}.Debug|Any CPU.Build.0 = Debug|Any CPU
		{F60A3352-8C3C-4D08-A12E-385E1361A8C5}.Release|Any CPU.ActiveCfg = Release|Any CPU
		{F60A3352-8C3C-4D08-A12E-385E1361A8C5}.Release|Any CPU.Build.0 = Release|Any CPU
		{00DF9755-55E9-4446-9F0D-C5B245FA56A9}.Debug|Any CPU.ActiveCfg = Debug|Any CPU
		{00DF9755-55E9-4446-9F0D-C5B245FA56A9}.Debug|Any CPU.Build.0 = Debug|Any CPU
		{00DF9755-55E9-4446-9F0D-C5B245FA56A9}.Release|Any CPU.ActiveCfg = Release|Any CPU
		{00DF9755-55E9-4446-9F0D-C5B245FA56A9}.Release|Any CPU.Build.0 = Release|Any CPU
	EndGlobalSection
	GlobalSection(SolutionProperties) = preSolution
		HideSolutionNode = FALSE
	EndGlobalSection
	GlobalSection(ExtensibilityGlobals) = postSolution
		SolutionGuid = {64EE9A4F-D325-4493-8941-75C18C3BA367}
	EndGlobalSection
EndGlobal
